
Microsoft Visual Studio Solution File, Format Version 12.00
# Visual Studio 15
VisualStudioVersion = 15.0.26124.0
MinimumVisualStudioVersion = 15.0.26124.0
Project("{FAE04EC0-301F-11D3-BF4B-00C04F79EFBC}") = "DAL", "DAL\DAL.csproj", "{53E528FF-8F35-4084-BDFE-934352C7A1BF}"
EndProject
Project("{FAE04EC0-301F-11D3-BF4B-00C04F79EFBC}") = "DatabaseTester", "DatabaseTester\DatabaseTester.csproj", "{3D6F586A-76A2-43A0-8F5D-9394985C3D33}"
EndProject
Global
	GlobalSection(SolutionConfigurationPlatforms) = preSolution
		Debug|Any CPU = Debug|Any CPU
		Debug|x64 = Debug|x64
		Debug|x86 = Debug|x86
		Release|Any CPU = Release|Any CPU
		Release|x64 = Release|x64
		Release|x86 = Release|x86
	EndGlobalSection
	GlobalSection(SolutionProperties) = preSolution
		HideSolutionNode = FALSE
	EndGlobalSection
	GlobalSection(ProjectConfigurationPlatforms) = postSolution
		{53E528FF-8F35-4084-BDFE-934352C7A1BF}.Debug|Any CPU.ActiveCfg = Debug|Any CPU
		{53E528FF-8F35-4084-BDFE-934352C7A1BF}.Debug|Any CPU.Build.0 = Debug|Any CPU
		{53E528FF-8F35-4084-BDFE-934352C7A1BF}.Debug|x64.ActiveCfg = Debug|Any CPU
		{53E528FF-8F35-4084-BDFE-934352C7A1BF}.Debug|x64.Build.0 = Debug|Any CPU
		{53E528FF-8F35-4084-BDFE-934352C7A1BF}.Debug|x86.ActiveCfg = Debug|Any CPU
		{53E528FF-8F35-4084-BDFE-934352C7A1BF}.Debug|x86.Build.0 = Debug|Any CPU
		{53E528FF-8F35-4084-BDFE-934352C7A1BF}.Release|Any CPU.ActiveCfg = Release|Any CPU
		{53E528FF-8F35-4084-BDFE-934352C7A1BF}.Release|Any CPU.Build.0 = Release|Any CPU
		{53E528FF-8F35-4084-BDFE-934352C7A1BF}.Release|x64.ActiveCfg = Release|Any CPU
		{53E528FF-8F35-4084-BDFE-934352C7A1BF}.Release|x64.Build.0 = Release|Any CPU
		{53E528FF-8F35-4084-BDFE-934352C7A1BF}.Release|x86.ActiveCfg = Release|Any CPU
		{53E528FF-8F35-4084-BDFE-934352C7A1BF}.Release|x86.Build.0 = Release|Any CPU
		{3D6F586A-76A2-43A0-8F5D-9394985C3D33}.Debug|Any CPU.ActiveCfg = Debug|Any CPU
		{3D6F586A-76A2-43A0-8F5D-9394985C3D33}.Debug|Any CPU.Build.0 = Debug|Any CPU
		{3D6F586A-76A2-43A0-8F5D-9394985C3D33}.Debug|x64.ActiveCfg = Debug|Any CPU
		{3D6F586A-76A2-43A0-8F5D-9394985C3D33}.Debug|x64.Build.0 = Debug|Any CPU
		{3D6F586A-76A2-43A0-8F5D-9394985C3D33}.Debug|x86.ActiveCfg = Debug|Any CPU
		{3D6F586A-76A2-43A0-8F5D-9394985C3D33}.Debug|x86.Build.0 = Debug|Any CPU
		{3D6F586A-76A2-43A0-8F5D-9394985C3D33}.Release|Any CPU.ActiveCfg = Release|Any CPU
		{3D6F586A-76A2-43A0-8F5D-9394985C3D33}.Release|Any CPU.Build.0 = Release|Any CPU
		{3D6F586A-76A2-43A0-8F5D-9394985C3D33}.Release|x64.ActiveCfg = Release|Any CPU
		{3D6F586A-76A2-43A0-8F5D-9394985C3D33}.Release|x64.Build.0 = Release|Any CPU
		{3D6F586A-76A2-43A0-8F5D-9394985C3D33}.Release|x86.ActiveCfg = Release|Any CPU
		{3D6F586A-76A2-43A0-8F5D-9394985C3D33}.Release|x86.Build.0 = Release|Any CPU
	EndGlobalSection
EndGlobal
