
Microsoft Visual Studio Solution File, Format Version 12.00
# Visual Studio 15
VisualStudioVersion = 15.0.26124.0
MinimumVisualStudioVersion = 15.0.26124.0
Project("{FAE04EC0-301F-11D3-BF4B-00C04F79EFBC}") = "DAL", "DAL\DAL.csproj", "{C039B67F-FF88-4FB4-9C2E-9B3B5638F8DD}"
EndProject
Project("{FAE04EC0-301F-11D3-BF4B-00C04F79EFBC}") = "DatabaseTester", "DatabaseTester\DatabaseTester.csproj", "{C34E36A9-18C5-4DD1-9FBF-574846EEF8E1}"
EndProject
Project("{FAE04EC0-301F-11D3-BF4B-00C04F79EFBC}") = "DAL.Test", "DAL.Test\DAL.Test.csproj", "{66F99AEF-AB8D-4AC5-96E1-7611DF497443}"
EndProject
Global
	GlobalSection(SolutionConfigurationPlatforms) = preSolution
		Debug|Any CPU = Debug|Any CPU
		Debug|x64 = Debug|x64
		Debug|x86 = Debug|x86
		Release|Any CPU = Release|Any CPU
		Release|x64 = Release|x64
		Release|x86 = Release|x86
	EndGlobalSection
	GlobalSection(SolutionProperties) = preSolution
		HideSolutionNode = FALSE
	EndGlobalSection
	GlobalSection(ProjectConfigurationPlatforms) = postSolution
		{C039B67F-FF88-4FB4-9C2E-9B3B5638F8DD}.Debug|Any CPU.ActiveCfg = Debug|Any CPU
		{C039B67F-FF88-4FB4-9C2E-9B3B5638F8DD}.Debug|Any CPU.Build.0 = Debug|Any CPU
		{C039B67F-FF88-4FB4-9C2E-9B3B5638F8DD}.Debug|x64.ActiveCfg = Debug|Any CPU
		{C039B67F-FF88-4FB4-9C2E-9B3B5638F8DD}.Debug|x64.Build.0 = Debug|Any CPU
		{C039B67F-FF88-4FB4-9C2E-9B3B5638F8DD}.Debug|x86.ActiveCfg = Debug|Any CPU
		{C039B67F-FF88-4FB4-9C2E-9B3B5638F8DD}.Debug|x86.Build.0 = Debug|Any CPU
		{C039B67F-FF88-4FB4-9C2E-9B3B5638F8DD}.Release|Any CPU.ActiveCfg = Release|Any CPU
		{C039B67F-FF88-4FB4-9C2E-9B3B5638F8DD}.Release|Any CPU.Build.0 = Release|Any CPU
		{C039B67F-FF88-4FB4-9C2E-9B3B5638F8DD}.Release|x64.ActiveCfg = Release|Any CPU
		{C039B67F-FF88-4FB4-9C2E-9B3B5638F8DD}.Release|x64.Build.0 = Release|Any CPU
		{C039B67F-FF88-4FB4-9C2E-9B3B5638F8DD}.Release|x86.ActiveCfg = Release|Any CPU
		{C039B67F-FF88-4FB4-9C2E-9B3B5638F8DD}.Release|x86.Build.0 = Release|Any CPU
		{C34E36A9-18C5-4DD1-9FBF-574846EEF8E1}.Debug|Any CPU.ActiveCfg = Debug|Any CPU
		{C34E36A9-18C5-4DD1-9FBF-574846EEF8E1}.Debug|Any CPU.Build.0 = Debug|Any CPU
		{C34E36A9-18C5-4DD1-9FBF-574846EEF8E1}.Debug|x64.ActiveCfg = Debug|Any CPU
		{C34E36A9-18C5-4DD1-9FBF-574846EEF8E1}.Debug|x64.Build.0 = Debug|Any CPU
		{C34E36A9-18C5-4DD1-9FBF-574846EEF8E1}.Debug|x86.ActiveCfg = Debug|Any CPU
		{C34E36A9-18C5-4DD1-9FBF-574846EEF8E1}.Debug|x86.Build.0 = Debug|Any CPU
		{C34E36A9-18C5-4DD1-9FBF-574846EEF8E1}.Release|Any CPU.ActiveCfg = Release|Any CPU
		{C34E36A9-18C5-4DD1-9FBF-574846EEF8E1}.Release|Any CPU.Build.0 = Release|Any CPU
		{C34E36A9-18C5-4DD1-9FBF-574846EEF8E1}.Release|x64.ActiveCfg = Release|Any CPU
		{C34E36A9-18C5-4DD1-9FBF-574846EEF8E1}.Release|x64.Build.0 = Release|Any CPU
		{C34E36A9-18C5-4DD1-9FBF-574846EEF8E1}.Release|x86.ActiveCfg = Release|Any CPU
		{C34E36A9-18C5-4DD1-9FBF-574846EEF8E1}.Release|x86.Build.0 = Release|Any CPU
		{66F99AEF-AB8D-4AC5-96E1-7611DF497443}.Debug|Any CPU.ActiveCfg = Debug|Any CPU
		{66F99AEF-AB8D-4AC5-96E1-7611DF497443}.Debug|Any CPU.Build.0 = Debug|Any CPU
		{66F99AEF-AB8D-4AC5-96E1-7611DF497443}.Debug|x64.ActiveCfg = Debug|Any CPU
		{66F99AEF-AB8D-4AC5-96E1-7611DF497443}.Debug|x64.Build.0 = Debug|Any CPU
		{66F99AEF-AB8D-4AC5-96E1-7611DF497443}.Debug|x86.ActiveCfg = Debug|Any CPU
		{66F99AEF-AB8D-4AC5-96E1-7611DF497443}.Debug|x86.Build.0 = Debug|Any CPU
		{66F99AEF-AB8D-4AC5-96E1-7611DF497443}.Release|Any CPU.ActiveCfg = Release|Any CPU
		{66F99AEF-AB8D-4AC5-96E1-7611DF497443}.Release|Any CPU.Build.0 = Release|Any CPU
		{66F99AEF-AB8D-4AC5-96E1-7611DF497443}.Release|x64.ActiveCfg = Release|Any CPU
		{66F99AEF-AB8D-4AC5-96E1-7611DF497443}.Release|x64.Build.0 = Release|Any CPU
		{66F99AEF-AB8D-4AC5-96E1-7611DF497443}.Release|x86.ActiveCfg = Release|Any CPU
		{66F99AEF-AB8D-4AC5-96E1-7611DF497443}.Release|x86.Build.0 = Release|Any CPU
	EndGlobalSection
EndGlobal
