Microsoft Visual Studio Solution File, Format Version 12.00
# Visual Studio 15
VisualStudioVersion = 15.0.26124.0
MinimumVisualStudioVersion = 15.0.26124.0
Project("{9A19103F-16F7-4668-BE54-9A1E7A4F7556}") = "DAL", "DAL\DAL.csproj", "{5BDBC68B-F379-4235-B30E-C7E0E9173AC4}"
EndProject
Project("{9A19103F-16F7-4668-BE54-9A1E7A4F7556}") = "DatabaseTester", "DatabaseTester\DatabaseTester.csproj", "{0940428C-61FD-423E-B8E8-DABE6EDB3DE1}"
EndProject
Global
	GlobalSection(SolutionConfigurationPlatforms) = preSolution
		Debug|Any CPU = Debug|Any CPU
		Debug|x64 = Debug|x64
		Debug|x86 = Debug|x86
		Release|Any CPU = Release|Any CPU
		Release|x64 = Release|x64
		Release|x86 = Release|x86
	EndGlobalSection
	GlobalSection(ProjectConfigurationPlatforms) = postSolution
		{5BDBC68B-F379-4235-B30E-C7E0E9173AC4}.Debug|Any CPU.ActiveCfg = Debug|Any CPU
		{5BDBC68B-F379-4235-B30E-C7E0E9173AC4}.Debug|Any CPU.Build.0 = Debug|Any CPU
		{5BDBC68B-F379-4235-B30E-C7E0E9173AC4}.Debug|x64.ActiveCfg = Debug|Any CPU
		{5BDBC68B-F379-4235-B30E-C7E0E9173AC4}.Debug|x64.Build.0 = Debug|Any CPU
		{5BDBC68B-F379-4235-B30E-C7E0E9173AC4}.Debug|x86.ActiveCfg = Debug|Any CPU
		{5BDBC68B-F379-4235-B30E-C7E0E9173AC4}.Debug|x86.Build.0 = Debug|Any CPU
		{5BDBC68B-F379-4235-B30E-C7E0E9173AC4}.Release|Any CPU.ActiveCfg = Release|Any CPU
		{5BDBC68B-F379-4235-B30E-C7E0E9173AC4}.Release|Any CPU.Build.0 = Release|Any CPU
		{5BDBC68B-F379-4235-B30E-C7E0E9173AC4}.Release|x64.ActiveCfg = Release|Any CPU
		{5BDBC68B-F379-4235-B30E-C7E0E9173AC4}.Release|x64.Build.0 = Release|Any CPU
		{5BDBC68B-F379-4235-B30E-C7E0E9173AC4}.Release|x86.ActiveCfg = Release|Any CPU
		{5BDBC68B-F379-4235-B30E-C7E0E9173AC4}.Release|x86.Build.0 = Release|Any CPU
		{0940428C-61FD-423E-B8E8-DABE6EDB3DE1}.Debug|Any CPU.ActiveCfg = Debug|Any CPU
		{0940428C-61FD-423E-B8E8-DABE6EDB3DE1}.Debug|Any CPU.Build.0 = Debug|Any CPU
		{0940428C-61FD-423E-B8E8-DABE6EDB3DE1}.Debug|x64.ActiveCfg = Debug|Any CPU
		{0940428C-61FD-423E-B8E8-DABE6EDB3DE1}.Debug|x64.Build.0 = Debug|Any CPU
		{0940428C-61FD-423E-B8E8-DABE6EDB3DE1}.Debug|x86.ActiveCfg = Debug|Any CPU
		{0940428C-61FD-423E-B8E8-DABE6EDB3DE1}.Debug|x86.Build.0 = Debug|Any CPU
		{0940428C-61FD-423E-B8E8-DABE6EDB3DE1}.Release|Any CPU.ActiveCfg = Release|Any CPU
		{0940428C-61FD-423E-B8E8-DABE6EDB3DE1}.Release|Any CPU.Build.0 = Release|Any CPU
		{0940428C-61FD-423E-B8E8-DABE6EDB3DE1}.Release|x64.ActiveCfg = Release|Any CPU
		{0940428C-61FD-423E-B8E8-DABE6EDB3DE1}.Release|x64.Build.0 = Release|Any CPU
		{0940428C-61FD-423E-B8E8-DABE6EDB3DE1}.Release|x86.ActiveCfg = Release|Any CPU
		{0940428C-61FD-423E-B8E8-DABE6EDB3DE1}.Release|x86.Build.0 = Release|Any CPU
	EndGlobalSection
	GlobalSection(SolutionProperties) = preSolution
		HideSolutionNode = FALSE
	EndGlobalSection
	GlobalSection(ExtensibilityGlobals) = postSolution
		SolutionGuid = {45553688-4343-445D-9D13-986B921E3056}
	EndGlobalSection
EndGlobal
