
Microsoft Visual Studio Solution File, Format Version 12.00
# Visual Studio 15
VisualStudioVersion = 15.0.26124.0
MinimumVisualStudioVersion = 15.0.26124.0
Project("{FAE04EC0-301F-11D3-BF4B-00C04F79EFBC}") = "Sqlite.Dal", "Sqlite.Dal\Sqlite.Dal.csproj", "{C53A428D-3382-45A9-862C-AAA4BD54019A}"
EndProject
Project("{FAE04EC0-301F-11D3-BF4B-00C04F79EFBC}") = "Sqlite.Dal.Test", "Sqlite.Dal.Test\Sqlite.Dal.Test.csproj", "{FA8577C9-252F-4D55-82D5-0186E19A873A}"
EndProject
Global
	GlobalSection(SolutionConfigurationPlatforms) = preSolution
		Debug|Any CPU = Debug|Any CPU
		Debug|x64 = Debug|x64
		Debug|x86 = Debug|x86
		Release|Any CPU = Release|Any CPU
		Release|x64 = Release|x64
		Release|x86 = Release|x86
	EndGlobalSection
	GlobalSection(SolutionProperties) = preSolution
		HideSolutionNode = FALSE
	EndGlobalSection
	GlobalSection(ProjectConfigurationPlatforms) = postSolution
		{C53A428D-3382-45A9-862C-AAA4BD54019A}.Debug|Any CPU.ActiveCfg = Debug|Any CPU
		{C53A428D-3382-45A9-862C-AAA4BD54019A}.Debug|Any CPU.Build.0 = Debug|Any CPU
		{C53A428D-3382-45A9-862C-AAA4BD54019A}.Debug|x64.ActiveCfg = Debug|Any CPU
		{C53A428D-3382-45A9-862C-AAA4BD54019A}.Debug|x64.Build.0 = Debug|Any CPU
		{C53A428D-3382-45A9-862C-AAA4BD54019A}.Debug|x86.ActiveCfg = Debug|Any CPU
		{C53A428D-3382-45A9-862C-AAA4BD54019A}.Debug|x86.Build.0 = Debug|Any CPU
		{C53A428D-3382-45A9-862C-AAA4BD54019A}.Release|Any CPU.ActiveCfg = Release|Any CPU
		{C53A428D-3382-45A9-862C-AAA4BD54019A}.Release|Any CPU.Build.0 = Release|Any CPU
		{C53A428D-3382-45A9-862C-AAA4BD54019A}.Release|x64.ActiveCfg = Release|Any CPU
		{C53A428D-3382-45A9-862C-AAA4BD54019A}.Release|x64.Build.0 = Release|Any CPU
		{C53A428D-3382-45A9-862C-AAA4BD54019A}.Release|x86.ActiveCfg = Release|Any CPU
		{C53A428D-3382-45A9-862C-AAA4BD54019A}.Release|x86.Build.0 = Release|Any CPU
		{FA8577C9-252F-4D55-82D5-0186E19A873A}.Debug|Any CPU.ActiveCfg = Debug|Any CPU
		{FA8577C9-252F-4D55-82D5-0186E19A873A}.Debug|Any CPU.Build.0 = Debug|Any CPU
		{FA8577C9-252F-4D55-82D5-0186E19A873A}.Debug|x64.ActiveCfg = Debug|Any CPU
		{FA8577C9-252F-4D55-82D5-0186E19A873A}.Debug|x64.Build.0 = Debug|Any CPU
		{FA8577C9-252F-4D55-82D5-0186E19A873A}.Debug|x86.ActiveCfg = Debug|Any CPU
		{FA8577C9-252F-4D55-82D5-0186E19A873A}.Debug|x86.Build.0 = Debug|Any CPU
		{FA8577C9-252F-4D55-82D5-0186E19A873A}.Release|Any CPU.ActiveCfg = Release|Any CPU
		{FA8577C9-252F-4D55-82D5-0186E19A873A}.Release|Any CPU.Build.0 = Release|Any CPU
		{FA8577C9-252F-4D55-82D5-0186E19A873A}.Release|x64.ActiveCfg = Release|Any CPU
		{FA8577C9-252F-4D55-82D5-0186E19A873A}.Release|x64.Build.0 = Release|Any CPU
		{FA8577C9-252F-4D55-82D5-0186E19A873A}.Release|x86.ActiveCfg = Release|Any CPU
		{FA8577C9-252F-4D55-82D5-0186E19A873A}.Release|x86.Build.0 = Release|Any CPU
	EndGlobalSection
EndGlobal
