
Microsoft Visual Studio Solution File, Format Version 12.00
# Visual Studio 15
VisualStudioVersion = 15.0.27703.2035
MinimumVisualStudioVersion = 10.0.40219.1
Project("{FAE04EC0-301F-11D3-BF4B-00C04F79EFBC}") = "BlueYonder.Flights.GroupProxy", "BlueYonder.Flights.GroupProxy\BlueYonder.Flights.GroupProxy.csproj", "{06294051-ED32-4AFD-9279-C1B2F9183EC3}"
EndProject
Global
	GlobalSection(SolutionConfigurationPlatforms) = preSolution
		Debug|Any CPU = Debug|Any CPU
		Release|Any CPU = Release|Any CPU
	EndGlobalSection
	GlobalSection(ProjectConfigurationPlatforms) = postSolution
		{06294051-ED32-4AFD-9279-C1B2F9183EC3}.Debug|Any CPU.ActiveCfg = Debug|Any CPU
		{06294051-ED32-4AFD-9279-C1B2F9183EC3}.Debug|Any CPU.Build.0 = Debug|Any CPU
		{06294051-ED32-4AFD-9279-C1B2F9183EC3}.Release|Any CPU.ActiveCfg = Release|Any CPU
		{06294051-ED32-4AFD-9279-C1B2F9183EC3}.Release|Any CPU.Build.0 = Release|Any CPU
	EndGlobalSection
	GlobalSection(SolutionProperties) = preSolution
		HideSolutionNode = FALSE
	EndGlobalSection
	GlobalSection(ExtensibilityGlobals) = postSolution
		SolutionGuid = {41DBAE25-E919-4860-91BC-F01EC0B955E4}
	EndGlobalSection
EndGlobal
